{
  "originHash" : "64c2c6de3f23253d59042536bd71b9a1d8a3e8788ff2c6767581490fc2e27d9f",
  "pins" : [
    {
      "identity" : "atresolve",
      "kind" : "remoteSourceControl",
      "location" : "https://github.com/germ-network/ATResolve",
      "state" : {
        "revision" : "26459d9d6e7deb27066b9d7d2931279acc107138",
        "version" : "1.0.0-germ.2"
      }
    },
    {
      "identity" : "swift-async-dns-resolver",
      "kind" : "remoteSourceControl",
      "location" : "https://github.com/apple/swift-async-dns-resolver.git",
      "state" : {
        "revision" : "2836c57c4c7c784569331cc35a4fe18941f6c796",
        "version" : "0.5.0"
      }
    }
  ],
  "version" : 3
}
