{
  "originHash" : "b6b7ffc057bc33db3b0bcc7cc69122198a770e1b7e72242332e5a1910eb5d059",
  "pins" : [
    {
      "identity" : "atprotoclient",
      "kind" : "remoteSourceControl",
      "location" : "https://github.com/germ-network/AtprotoClient.git",
      "state" : {
        "branch" : "mark/mockPDS",
        "revision" : "b214d36420be584a53812fa79cf5a91d502fcc68"
      }
    },
    {
      "identity" : "atprototypes",
      "kind" : "remoteSourceControl",
      "location" : "https://github.com/germ-network/AtprotoTypes.git",
      "state" : {
        "branch" : "mark/put-record-public-properties",
        "revision" : "2676c831876836d61c504b40c0c6e4079ed7b195"
      }
    },
    {
      "identity" : "base32",
      "kind" : "remoteSourceControl",
      "location" : "https://github.com/Jarema/Base32.git",
      "state" : {
        "revision" : "7f723a2e55f1c76e7c79263aebf89dbfcd58e77d",
        "version" : "0.10.2"
      }
    },
    {
      "identity" : "germconvenience",
      "kind" : "remoteSourceControl",
      "location" : "https://github.com/germ-network/GermConvenience.git",
      "state" : {
        "revision" : "46b9a0778dbcdfb3a89b64bba007daf92e32b643",
        "version" : "0.1.1"
      }
    },
    {
      "identity" : "microcosm",
      "kind" : "remoteSourceControl",
      "location" : "https://github.com/germ-network/Microcosm.git",
      "state" : {
        "revision" : "00794f9c685058f466804633007266cc829b95f2",
        "version" : "0.1.0"
      }
    },
    {
      "identity" : "oauth4swift",
      "kind" : "remoteSourceControl",
      "location" : "https://github.com/germ-network/oauth4swift.git",
      "state" : {
        "revision" : "aeaca2e18ee8e3fe94f1f2b9f35870bac5e9a5ef",
        "version" : "0.2.0"
      }
    },
    {
      "identity" : "swift-asn1",
      "kind" : "remoteSourceControl",
      "location" : "https://github.com/apple/swift-asn1.git",
      "state" : {
        "revision" : "9f542610331815e29cc3821d3b6f488db8715517",
        "version" : "1.6.0"
      }
    },
    {
      "identity" : "swift-crypto",
      "kind" : "remoteSourceControl",
      "location" : "https://github.com/apple/swift-crypto.git",
      "state" : {
        "revision" : "fa308c07a6fa04a727212d793e761460e41049c3",
        "version" : "4.3.0"
      }
    },
    {
      "identity" : "swift-http-types",
      "kind" : "remoteSourceControl",
      "location" : "https://github.com/apple/swift-http-types.git",
      "state" : {
        "revision" : "45eb0224913ea070ec4fba17291b9e7ecf4749ca",
        "version" : "1.5.1"
      }
    },
    {
      "identity" : "swift-log",
      "kind" : "remoteSourceControl",
      "location" : "https://github.com/apple/swift-log",
      "state" : {
        "revision" : "8c0f217f01000dd30f60d6e536569ad4e74291f9",
        "version" : "1.11.0"
      }
    }
  ],
  "version" : 3
}
