{
  "originHash" : "0cba7458a08618996cb7bdf5e875da6559d1e9087a8c7f6afa51a46266417450",
  "pins" : [
    {
      "identity" : "atprotoclient",
      "kind" : "remoteSourceControl",
      "location" : "https://github.com/germ-network/AtprotoClient.git",
      "state" : {
        "revision" : "0ff539f9a392713a58d61b388864194f9c78efa4",
        "version" : "0.3.0"
      }
    },
    {
      "identity" : "atprototypes",
      "kind" : "remoteSourceControl",
      "location" : "https://github.com/germ-network/AtprotoTypes.git",
      "state" : {
        "revision" : "9974f5d5a4813e0d7e57e650de57e10213cc5f38",
        "version" : "0.2.2"
      }
    },
    {
      "identity" : "atresolve",
      "kind" : "remoteSourceControl",
      "location" : "https://github.com/germ-network/ATResolve",
      "state" : {
        "revision" : "b446aeed42ac45642bdd88f6a0af7b6c253ac23d",
        "version" : "1.1.1"
      }
    },
    {
      "identity" : "base32",
      "kind" : "remoteSourceControl",
      "location" : "https://github.com/Jarema/Base32.git",
      "state" : {
        "revision" : "7f723a2e55f1c76e7c79263aebf89dbfcd58e77d",
        "version" : "0.10.2"
      }
    },
    {
      "identity" : "germconvenience",
      "kind" : "remoteSourceControl",
      "location" : "https://github.com/germ-network/GermConvenience.git",
      "state" : {
        "branch" : "feat/form-parameters-multipart-boundary",
        "revision" : "fe7623bbd680440c11cefa9b9603155cc37638ed"
      }
    },
    {
      "identity" : "microcosm",
      "kind" : "remoteSourceControl",
      "location" : "https://github.com/germ-network/Microcosm.git",
      "state" : {
        "revision" : "00794f9c685058f466804633007266cc829b95f2",
        "version" : "0.1.0"
      }
    },
    {
      "identity" : "oauth4swift",
      "kind" : "remoteSourceControl",
      "location" : "https://github.com/germ-network/oauth4swift.git",
      "state" : {
        "branch" : "feat/client-auth-refine",
        "revision" : "71cdc4fd74ceff002cd7b4495b0f44731d44d014"
      }
    },
    {
      "identity" : "swift-asn1",
      "kind" : "remoteSourceControl",
      "location" : "https://github.com/apple/swift-asn1.git",
      "state" : {
        "revision" : "9f542610331815e29cc3821d3b6f488db8715517",
        "version" : "1.6.0"
      }
    },
    {
      "identity" : "swift-async-dns-resolver",
      "kind" : "remoteSourceControl",
      "location" : "https://github.com/apple/swift-async-dns-resolver.git",
      "state" : {
        "revision" : "2836c57c4c7c784569331cc35a4fe18941f6c796",
        "version" : "0.5.0"
      }
    },
    {
      "identity" : "swift-crypto",
      "kind" : "remoteSourceControl",
      "location" : "https://github.com/apple/swift-crypto.git",
      "state" : {
        "revision" : "fa308c07a6fa04a727212d793e761460e41049c3",
        "version" : "4.3.0"
      }
    },
    {
      "identity" : "swift-http-types",
      "kind" : "remoteSourceControl",
      "location" : "https://github.com/apple/swift-http-types.git",
      "state" : {
        "revision" : "45eb0224913ea070ec4fba17291b9e7ecf4749ca",
        "version" : "1.5.1"
      }
    },
    {
      "identity" : "swift-log",
      "kind" : "remoteSourceControl",
      "location" : "https://github.com/apple/swift-log",
      "state" : {
        "revision" : "bbd81b6725ae874c69e9b8c8804d462356b55523",
        "version" : "1.10.1"
      }
    }
  ],
  "version" : 3
}
