{
  "originHash" : "92257a9ca1575893ace407c9987aeb23b0f5f5bdb8698db975f9fd4954671568",
  "pins" : [
    {
      "identity" : "atprotoclient",
      "kind" : "remoteSourceControl",
      "location" : "https://github.com/germ-network/AtprotoClient.git",
      "state" : {
        "branch" : "mock/block",
        "revision" : "5bb26f084b64ccef3d97711e12f0b8b661c6d522"
      }
    },
    {
      "identity" : "atprototypes",
      "kind" : "remoteSourceControl",
      "location" : "https://github.com/germ-network/AtprotoTypes.git",
      "state" : {
        "revision" : "a20c1027bc446bb59efa839c7191b36f3c244052",
        "version" : "0.4.6"
      }
    },
    {
      "identity" : "atresolve",
      "kind" : "remoteSourceControl",
      "location" : "https://github.com/mattmassicotte/ATResolve.git",
      "state" : {
        "revision" : "3ec4b8509b018c9b0da791c74355c58eb83dcd24",
        "version" : "1.1.0"
      }
    },
    {
      "identity" : "germconvenience",
      "kind" : "remoteSourceControl",
      "location" : "https://github.com/germ-network/GermConvenience.git",
      "state" : {
        "revision" : "5ec8573dbceb2e03b9a32c3e84a53af471df5b89",
        "version" : "0.2.4"
      }
    },
    {
      "identity" : "microcosm",
      "kind" : "remoteSourceControl",
      "location" : "https://github.com/germ-network/Microcosm.git",
      "state" : {
        "revision" : "1db7d5425e2444f1ae0b2d0b699f69472a5ab28c",
        "version" : "0.3.3"
      }
    },
    {
      "identity" : "oauth4swift",
      "kind" : "remoteSourceControl",
      "location" : "https://github.com/germ-network/oauth4swift.git",
      "state" : {
        "revision" : "1e502cbd0772253d1dd015a0d144c62dda4fa1dd",
        "version" : "0.5.0"
      }
    },
    {
      "identity" : "swift-asn1",
      "kind" : "remoteSourceControl",
      "location" : "https://github.com/apple/swift-asn1.git",
      "state" : {
        "revision" : "eb50cbd14606a9161cbc5d452f18797c90ef0bab",
        "version" : "1.7.0"
      }
    },
    {
      "identity" : "swift-async-dns-resolver",
      "kind" : "remoteSourceControl",
      "location" : "https://github.com/apple/swift-async-dns-resolver.git",
      "state" : {
        "revision" : "9900d9b4113427a170d5f26075c2128be94984df",
        "version" : "0.7.0"
      }
    },
    {
      "identity" : "swift-bases",
      "kind" : "remoteSourceControl",
      "location" : "https://github.com/swift-libp2p/swift-bases.git",
      "state" : {
        "revision" : "96615d4b582f9f6536d8278304ce2a64c8e5288a",
        "version" : "0.2.0"
      }
    },
    {
      "identity" : "swift-crypto",
      "kind" : "remoteSourceControl",
      "location" : "https://github.com/apple/swift-crypto.git",
      "state" : {
        "revision" : "1b6b2e274e85105bfa155183145a1dcfd63331f1",
        "version" : "4.5.0"
      }
    },
    {
      "identity" : "swift-http-types",
      "kind" : "remoteSourceControl",
      "location" : "https://github.com/apple/swift-http-types.git",
      "state" : {
        "revision" : "45eb0224913ea070ec4fba17291b9e7ecf4749ca",
        "version" : "1.5.1"
      }
    },
    {
      "identity" : "swift-log",
      "kind" : "remoteSourceControl",
      "location" : "https://github.com/apple/swift-log",
      "state" : {
        "revision" : "2aed77ae5ec9a86d8fe42c12275e4c2653a286ee",
        "version" : "1.13.1"
      }
    }
  ],
  "version" : 3
}
