{
  "originHash" : "0cba7458a08618996cb7bdf5e875da6559d1e9087a8c7f6afa51a46266417450",
  "pins" : [
    {
      "identity" : "atprotoclient",
      "kind" : "remoteSourceControl",
      "location" : "https://github.com/germ-network/AtprotoClient.git",
      "state" : {
        "branch" : "reorg/rename-mocks",
        "revision" : "683126689f32344c49b6b3275f190f9a8eaa089d"
      }
    },
    {
      "identity" : "atprototypes",
      "kind" : "remoteSourceControl",
      "location" : "https://github.com/germ-network/AtprotoTypes.git",
      "state" : {
        "branch" : "reorg/rename+mocks",
        "revision" : "60c2e09e54cb04f00b9756573348ce13440f7ce0"
      }
    },
    {
      "identity" : "atresolve",
      "kind" : "remoteSourceControl",
      "location" : "https://github.com/germ-network/ATResolve",
      "state" : {
        "revision" : "90048493b1ecb529518de29fbcdc46be8bc2cbdf",
        "version" : "1.0.0-germ.4"
      }
    },
    {
      "identity" : "base32",
      "kind" : "remoteSourceControl",
      "location" : "https://github.com/Jarema/Base32.git",
      "state" : {
        "revision" : "7f723a2e55f1c76e7c79263aebf89dbfcd58e77d",
        "version" : "0.10.2"
      }
    },
    {
      "identity" : "germconvenience",
      "kind" : "remoteSourceControl",
      "location" : "https://github.com/germ-network/GermConvenience.git",
      "state" : {
        "branch" : "reorg/rename+mocks",
        "revision" : "109501a5111aca1b45f26546f465b4c8df7e2daf"
      }
    },
    {
      "identity" : "microcosm",
      "kind" : "remoteSourceControl",
      "location" : "https://github.com/germ-network/Microcosm.git",
      "state" : {
        "branch" : "feat/adopt-type-renaming",
        "revision" : "fbc6b1057c6d9845a2800ea58a0afb915ded0f4e"
      }
    },
    {
      "identity" : "oauth4swift",
      "kind" : "remoteSourceControl",
      "location" : "https://github.com/germ-network/oauth4swift.git",
      "state" : {
        "revision" : "0c8aea27ca8800846d45008e6920e36c67a8f581",
        "version" : "0.3.2"
      }
    },
    {
      "identity" : "swift-asn1",
      "kind" : "remoteSourceControl",
      "location" : "https://github.com/apple/swift-asn1.git",
      "state" : {
        "revision" : "eb50cbd14606a9161cbc5d452f18797c90ef0bab",
        "version" : "1.7.0"
      }
    },
    {
      "identity" : "swift-async-dns-resolver",
      "kind" : "remoteSourceControl",
      "location" : "https://github.com/apple/swift-async-dns-resolver.git",
      "state" : {
        "revision" : "9900d9b4113427a170d5f26075c2128be94984df",
        "version" : "0.7.0"
      }
    },
    {
      "identity" : "swift-crypto",
      "kind" : "remoteSourceControl",
      "location" : "https://github.com/apple/swift-crypto.git",
      "state" : {
        "revision" : "476538ccb827f2dd18efc5de754cc87d77127a47",
        "version" : "4.4.0"
      }
    },
    {
      "identity" : "swift-http-types",
      "kind" : "remoteSourceControl",
      "location" : "https://github.com/apple/swift-http-types.git",
      "state" : {
        "revision" : "45eb0224913ea070ec4fba17291b9e7ecf4749ca",
        "version" : "1.5.1"
      }
    },
    {
      "identity" : "swift-log",
      "kind" : "remoteSourceControl",
      "location" : "https://github.com/apple/swift-log",
      "state" : {
        "revision" : "5073617dac96330a486245e4c0179cb0a6fd2256",
        "version" : "1.12.0"
      }
    }
  ],
  "version" : 3
}
